// !$*UTF8*$!
{
	archiveVersion = 1;
	classes = {
	};
	objectVersion = 77;
	objects = {

/* Begin PBXBuildFile section */
		BACBBB4A2DC4553600C34AEF /* KeychainAccess in Frameworks */ = {isa = PBXBuildFile; productRef = BACBBB492DC4553600C34AEF /* KeychainAccess */; };
		BACBBBEB2DC4C50B00C34AEF /* KeychainAccess in Frameworks */ = {isa = PBXBuildFile; productRef = BACBBBEA2DC4C50B00C34AEF /* KeychainAccess */; };
		BAD079192DB8B5D900B2C1E8 /* WidgetKit.framework in Frameworks */ = {isa = PBXBuildFile; fileRef = BAD079182DB8B5D900B2C1E8 /* WidgetKit.framework */; };
		BAD0791B2DB8B5D900B2C1E8 /* SwiftUI.framework in Frameworks */ = {isa = PBXBuildFile; fileRef = BAD0791A2DB8B5D900B2C1E8 /* SwiftUI.framework */; };
		BAD0792C2DB8B5DB00B2C1E8 /* ChatworkTaskWidgetExtension.appex in Embed Foundation Extensions */ = {isa = PBXBuildFile; fileRef = BAD079162DB8B5D900B2C1E8 /* ChatworkTaskWidgetExtension.appex */; settings = {ATTRIBUTES = (RemoveHeadersOnCopy, ); }; };
/* End PBXBuildFile section */

/* Begin PBXContainerItemProxy section */
		BAD078F62DB89E1800B2C1E8 /* PBXContainerItemProxy */ = {
			isa = PBXContainerItemProxy;
			containerPortal = BAD078DD2DB89E1400B2C1E8 /* Project object */;
			proxyType = 1;
			remoteGlobalIDString = BAD078E42DB89E1400B2C1E8;
			remoteInfo = ChatworkTaskRemider;
		};
		BAD079002DB89E1800B2C1E8 /* PBXContainerItemProxy */ = {
			isa = PBXContainerItemProxy;
			containerPortal = BAD078DD2DB89E1400B2C1E8 /* Project object */;
			proxyType = 1;
			remoteGlobalIDString = BAD078E42DB89E1400B2C1E8;
			remoteInfo = ChatworkTaskRemider;
		};
		BAD0792A2DB8B5DB00B2C1E8 /* PBXContainerItemProxy */ = {
			isa = PBXContainerItemProxy;
			containerPortal = BAD078DD2DB89E1400B2C1E8 /* Project object */;
			proxyType = 1;
			remoteGlobalIDString = BAD079152DB8B5D900B2C1E8;
			remoteInfo = ChatworkTaskWidgetExtension;
		};
/* End PBXContainerItemProxy section */

/* Begin PBXCopyFilesBuildPhase section */
		BAD079312DB8B5DB00B2C1E8 /* Embed Foundation Extensions */ = {
			isa = PBXCopyFilesBuildPhase;
			buildActionMask = 2147483647;
			dstPath = "";
			dstSubfolderSpec = 13;
			files = (
				BAD0792C2DB8B5DB00B2C1E8 /* ChatworkTaskWidgetExtension.appex in Embed Foundation Extensions */,
			);
			name = "Embed Foundation Extensions";
			runOnlyForDeploymentPostprocessing = 0;
		};
/* End PBXCopyFilesBuildPhase section */

/* Begin PBXFileReference section */
		BACBBAD92DBF4BD400C34AEF /* ChatworkTaskWidgetExtension.entitlements */ = {isa = PBXFileReference; lastKnownFileType = text.plist.entitlements; path = ChatworkTaskWidgetExtension.entitlements; sourceTree = "<group>"; };
		BAD078E52DB89E1400B2C1E8 /* ChatworkTaskReminder.app */ = {isa = PBXFileReference; explicitFileType = wrapper.application; includeInIndex = 0; path = ChatworkTaskReminder.app; sourceTree = BUILT_PRODUCTS_DIR; };
		BAD078F52DB89E1800B2C1E8 /* ChatworkTaskReminderTests.xctest */ = {isa = PBXFileReference; explicitFileType = wrapper.cfbundle; includeInIndex = 0; path = ChatworkTaskReminderTests.xctest; sourceTree = BUILT_PRODUCTS_DIR; };
		BAD078FF2DB89E1800B2C1E8 /* ChatworkTaskReminderUITests.xctest */ = {isa = PBXFileReference; explicitFileType = wrapper.cfbundle; includeInIndex = 0; path = ChatworkTaskReminderUITests.xctest; sourceTree = BUILT_PRODUCTS_DIR; };
		BAD079162DB8B5D900B2C1E8 /* ChatworkTaskWidgetExtension.appex */ = {isa = PBXFileReference; explicitFileType = "wrapper.app-extension"; includeInIndex = 0; path = ChatworkTaskWidgetExtension.appex; sourceTree = BUILT_PRODUCTS_DIR; };
		BAD079182DB8B5D900B2C1E8 /* WidgetKit.framework */ = {isa = PBXFileReference; lastKnownFileType = wrapper.framework; name = WidgetKit.framework; path = System/Library/Frameworks/WidgetKit.framework; sourceTree = SDKROOT; };
		BAD0791A2DB8B5D900B2C1E8 /* SwiftUI.framework */ = {isa = PBXFileReference; lastKnownFileType = wrapper.framework; name = SwiftUI.framework; path = System/Library/Frameworks/SwiftUI.framework; sourceTree = SDKROOT; };
/* End PBXFileReference section */

/* Begin PBXFileSystemSynchronizedBuildFileExceptionSet section */
		BACBBA9A2DBDE77500C34AEF /* Exceptions for "ChatworkTaskReminder" folder in "ChatworkTaskWidgetExtension" target */ = {
			isa = PBXFileSystemSynchronizedBuildFileExceptionSet;
			membershipExceptions = (
				APIKeyModel.swift,
				ChatworkApi.swift,
				ChatworkApiClient.swift,
				ChatworkTask.swift,
				KeychainHelper.swift,
			);
			target = BAD079152DB8B5D900B2C1E8 /* ChatworkTaskWidgetExtension */;
		};
		BAD0792D2DB8B5DB00B2C1E8 /* Exceptions for "ChatworkTaskWidget" folder in "ChatworkTaskWidgetExtension" target */ = {
			isa = PBXFileSystemSynchronizedBuildFileExceptionSet;
			membershipExceptions = (
				Info.plist,
			);
			target = BAD079152DB8B5D900B2C1E8 /* ChatworkTaskWidgetExtension */;
		};
/* End PBXFileSystemSynchronizedBuildFileExceptionSet section */

/* Begin PBXFileSystemSynchronizedRootGroup section */
		BAD078E72DB89E1400B2C1E8 /* ChatworkTaskReminder */ = {
			isa = PBXFileSystemSynchronizedRootGroup;
			exceptions = (
				BACBBA9A2DBDE77500C34AEF /* Exceptions for "ChatworkTaskReminder" folder in "ChatworkTaskWidgetExtension" target */,
			);
			path = ChatworkTaskReminder;
			sourceTree = "<group>";
		};
		BAD078F82DB89E1800B2C1E8 /* ChatworkTaskReminderTests */ = {
			isa = PBXFileSystemSynchronizedRootGroup;
			path = ChatworkTaskReminderTests;
			sourceTree = "<group>";
		};
		BAD079022DB89E1800B2C1E8 /* ChatworkTaskReminderUITests */ = {
			isa = PBXFileSystemSynchronizedRootGroup;
			path = ChatworkTaskReminderUITests;
			sourceTree = "<group>";
		};
		BAD0791C2DB8B5D900B2C1E8 /* ChatworkTaskWidget */ = {
			isa = PBXFileSystemSynchronizedRootGroup;
			exceptions = (
				BAD0792D2DB8B5DB00B2C1E8 /* Exceptions for "ChatworkTaskWidget" folder in "ChatworkTaskWidgetExtension" target */,
			);
			path = ChatworkTaskWidget;
			sourceTree = "<group>";
		};
/* End PBXFileSystemSynchronizedRootGroup section */

/* Begin PBXFrameworksBuildPhase section */
		BAD078E22DB89E1400B2C1E8 /* Frameworks */ = {
			isa = PBXFrameworksBuildPhase;
			buildActionMask = 2147483647;
			files = (
				BACBBB4A2DC4553600C34AEF /* KeychainAccess in Frameworks */,
			);
			runOnlyForDeploymentPostprocessing = 0;
		};
		BAD078F22DB89E1800B2C1E8 /* Frameworks */ = {
			isa = PBXFrameworksBuildPhase;
			buildActionMask = 2147483647;
			files = (
			);
			runOnlyForDeploymentPostprocessing = 0;
		};
		BAD078FC2DB89E1800B2C1E8 /* Frameworks */ = {
			isa = PBXFrameworksBuildPhase;
			buildActionMask = 2147483647;
			files = (
			);
			runOnlyForDeploymentPostprocessing = 0;
		};
		BAD079132DB8B5D900B2C1E8 /* Frameworks */ = {
			isa = PBXFrameworksBuildPhase;
			buildActionMask = 2147483647;
			files = (
				BAD0791B2DB8B5D900B2C1E8 /* SwiftUI.framework in Frameworks */,
				BAD079192DB8B5D900B2C1E8 /* WidgetKit.framework in Frameworks */,
				BACBBBEB2DC4C50B00C34AEF /* KeychainAccess in Frameworks */,
			);
			runOnlyForDeploymentPostprocessing = 0;
		};
/* End PBXFrameworksBuildPhase section */

/* Begin PBXGroup section */
		BAD078DC2DB89E1400B2C1E8 = {
			isa = PBXGroup;
			children = (
				BAD078E72DB89E1400B2C1E8 /* ChatworkTaskReminder */,
				BAD078F82DB89E1800B2C1E8 /* ChatworkTaskReminderTests */,
				BAD079022DB89E1800B2C1E8 /* ChatworkTaskReminderUITests */,
				BAD0791C2DB8B5D900B2C1E8 /* ChatworkTaskWidget */,
				BAD079172DB8B5D900B2C1E8 /* Frameworks */,
				BAD078E62DB89E1400B2C1E8 /* Products */,
				BACBBAD92DBF4BD400C34AEF /* ChatworkTaskWidgetExtension.entitlements */,
			);
			sourceTree = "<group>";
		};
		BAD078E62DB89E1400B2C1E8 /* Products */ = {
			isa = PBXGroup;
			children = (
				BAD078E52DB89E1400B2C1E8 /* ChatworkTaskReminder.app */,
				BAD078F52DB89E1800B2C1E8 /* ChatworkTaskReminderTests.xctest */,
				BAD078FF2DB89E1800B2C1E8 /* ChatworkTaskReminderUITests.xctest */,
				BAD079162DB8B5D900B2C1E8 /* ChatworkTaskWidgetExtension.appex */,
			);
			name = Products;
			sourceTree = "<group>";
		};
		BAD079172DB8B5D900B2C1E8 /* Frameworks */ = {
			isa = PBXGroup;
			children = (
				BAD079182DB8B5D900B2C1E8 /* WidgetKit.framework */,
				BAD0791A2DB8B5D900B2C1E8 /* SwiftUI.framework */,
			);
			name = Frameworks;
			sourceTree = "<group>";
		};
/* End PBXGroup section */

/* Begin PBXNativeTarget section */
		BAD078E42DB89E1400B2C1E8 /* ChatworkTaskReminder */ = {
			isa = PBXNativeTarget;
			buildConfigurationList = BAD079092DB89E1800B2C1E8 /* Build configuration list for PBXNativeTarget "ChatworkTaskReminder" */;
			buildPhases = (
				BAD078E12DB89E1400B2C1E8 /* Sources */,
				BAD078E22DB89E1400B2C1E8 /* Frameworks */,
				BAD078E32DB89E1400B2C1E8 /* Resources */,
				BAD079312DB8B5DB00B2C1E8 /* Embed Foundation Extensions */,
			);
			buildRules = (
			);
			dependencies = (
				BAD0792B2DB8B5DB00B2C1E8 /* PBXTargetDependency */,
			);
			fileSystemSynchronizedGroups = (
				BAD078E72DB89E1400B2C1E8 /* ChatworkTaskReminder */,
			);
			name = ChatworkTaskReminder;
			packageProductDependencies = (
				BACBBB492DC4553600C34AEF /* KeychainAccess */,
			);
			productName = ChatworkTaskRemider;
			productReference = BAD078E52DB89E1400B2C1E8 /* ChatworkTaskReminder.app */;
			productType = "com.apple.product-type.application";
		};
		BAD078F42DB89E1800B2C1E8 /* ChatworkTaskReminderTests */ = {
			isa = PBXNativeTarget;
			buildConfigurationList = BAD0790C2DB89E1800B2C1E8 /* Build configuration list for PBXNativeTarget "ChatworkTaskReminderTests" */;
			buildPhases = (
				BAD078F12DB89E1800B2C1E8 /* Sources */,
				BAD078F22DB89E1800B2C1E8 /* Frameworks */,
				BAD078F32DB89E1800B2C1E8 /* Resources */,
			);
			buildRules = (
			);
			dependencies = (
				BAD078F72DB89E1800B2C1E8 /* PBXTargetDependency */,
			);
			fileSystemSynchronizedGroups = (
				BAD078F82DB89E1800B2C1E8 /* ChatworkTaskReminderTests */,
			);
			name = ChatworkTaskReminderTests;
			packageProductDependencies = (
			);
			productName = ChatworkTaskRemiderTests;
			productReference = BAD078F52DB89E1800B2C1E8 /* ChatworkTaskReminderTests.xctest */;
			productType = "com.apple.product-type.bundle.unit-test";
		};
		BAD078FE2DB89E1800B2C1E8 /* ChatworkTaskReminderUITests */ = {
			isa = PBXNativeTarget;
			buildConfigurationList = BAD0790F2DB89E1800B2C1E8 /* Build configuration list for PBXNativeTarget "ChatworkTaskReminderUITests" */;
			buildPhases = (
				BAD078FB2DB89E1800B2C1E8 /* Sources */,
				BAD078FC2DB89E1800B2C1E8 /* Frameworks */,
				BAD078FD2DB89E1800B2C1E8 /* Resources */,
			);
			buildRules = (
			);
			dependencies = (
				BAD079012DB89E1800B2C1E8 /* PBXTargetDependency */,
			);
			fileSystemSynchronizedGroups = (
				BAD079022DB89E1800B2C1E8 /* ChatworkTaskReminderUITests */,
			);
			name = ChatworkTaskReminderUITests;
			packageProductDependencies = (
			);
			productName = ChatworkTaskRemiderUITests;
			productReference = BAD078FF2DB89E1800B2C1E8 /* ChatworkTaskReminderUITests.xctest */;
			productType = "com.apple.product-type.bundle.ui-testing";
		};
		BAD079152DB8B5D900B2C1E8 /* ChatworkTaskWidgetExtension */ = {
			isa = PBXNativeTarget;
			buildConfigurationList = BAD0792E2DB8B5DB00B2C1E8 /* Build configuration list for PBXNativeTarget "ChatworkTaskWidgetExtension" */;
			buildPhases = (
				BAD079122DB8B5D900B2C1E8 /* Sources */,
				BAD079132DB8B5D900B2C1E8 /* Frameworks */,
				BAD079142DB8B5D900B2C1E8 /* Resources */,
			);
			buildRules = (
			);
			dependencies = (
			);
			fileSystemSynchronizedGroups = (
				BAD0791C2DB8B5D900B2C1E8 /* ChatworkTaskWidget */,
			);
			name = ChatworkTaskWidgetExtension;
			packageProductDependencies = (
				BACBBBEA2DC4C50B00C34AEF /* KeychainAccess */,
			);
			productName = ChatworkTaskWidgetExtension;
			productReference = BAD079162DB8B5D900B2C1E8 /* ChatworkTaskWidgetExtension.appex */;
			productType = "com.apple.product-type.app-extension";
		};
/* End PBXNativeTarget section */

/* Begin PBXProject section */
		BAD078DD2DB89E1400B2C1E8 /* Project object */ = {
			isa = PBXProject;
			attributes = {
				BuildIndependentTargetsInParallel = 1;
				LastSwiftUpdateCheck = 1620;
				LastUpgradeCheck = 1620;
				TargetAttributes = {
					BAD078E42DB89E1400B2C1E8 = {
						CreatedOnToolsVersion = 16.2;
					};
					BAD078F42DB89E1800B2C1E8 = {
						CreatedOnToolsVersion = 16.2;
						TestTargetID = BAD078E42DB89E1400B2C1E8;
					};
					BAD078FE2DB89E1800B2C1E8 = {
						CreatedOnToolsVersion = 16.2;
						TestTargetID = BAD078E42DB89E1400B2C1E8;
					};
					BAD079152DB8B5D900B2C1E8 = {
						CreatedOnToolsVersion = 16.2;
					};
				};
			};
			buildConfigurationList = BAD078E02DB89E1400B2C1E8 /* Build configuration list for PBXProject "ChatworkTaskReminder" */;
			developmentRegion = en;
			hasScannedForEncodings = 0;
			knownRegions = (
				en,
				Base,
			);
			mainGroup = BAD078DC2DB89E1400B2C1E8;
			minimizedProjectReferenceProxies = 1;
			packageReferences = (
				BACBBB482DC4553600C34AEF /* XCRemoteSwiftPackageReference "KeychainAccess" */,
			);
			preferredProjectObjectVersion = 77;
			productRefGroup = BAD078E62DB89E1400B2C1E8 /* Products */;
			projectDirPath = "";
			projectRoot = "";
			targets = (
				BAD078E42DB89E1400B2C1E8 /* ChatworkTaskReminder */,
				BAD078F42DB89E1800B2C1E8 /* ChatworkTaskReminderTests */,
				BAD078FE2DB89E1800B2C1E8 /* ChatworkTaskReminderUITests */,
				BAD079152DB8B5D900B2C1E8 /* ChatworkTaskWidgetExtension */,
			);
		};
/* End PBXProject section */

/* Begin PBXResourcesBuildPhase section */
		BAD078E32DB89E1400B2C1E8 /* Resources */ = {
			isa = PBXResourcesBuildPhase;
			buildActionMask = 2147483647;
			files = (
			);
			runOnlyForDeploymentPostprocessing = 0;
		};
		BAD078F32DB89E1800B2C1E8 /* Resources */ = {
			isa = PBXResourcesBuildPhase;
			buildActionMask = 2147483647;
			files = (
			);
			runOnlyForDeploymentPostprocessing = 0;
		};
		BAD078FD2DB89E1800B2C1E8 /* Resources */ = {
			isa = PBXResourcesBuildPhase;
			buildActionMask = 2147483647;
			files = (
			);
			runOnlyForDeploymentPostprocessing = 0;
		};
		BAD079142DB8B5D900B2C1E8 /* Resources */ = {
			isa = PBXResourcesBuildPhase;
			buildActionMask = 2147483647;
			files = (
			);
			runOnlyForDeploymentPostprocessing = 0;
		};
/* End PBXResourcesBuildPhase section */

/* Begin PBXSourcesBuildPhase section */
		BAD078E12DB89E1400B2C1E8 /* Sources */ = {
			isa = PBXSourcesBuildPhase;
			buildActionMask = 2147483647;
			files = (
			);
			runOnlyForDeploymentPostprocessing = 0;
		};
		BAD078F12DB89E1800B2C1E8 /* Sources */ = {
			isa = PBXSourcesBuildPhase;
			buildActionMask = 2147483647;
			files = (
			);
			runOnlyForDeploymentPostprocessing = 0;
		};
		BAD078FB2DB89E1800B2C1E8 /* Sources */ = {
			isa = PBXSourcesBuildPhase;
			buildActionMask = 2147483647;
			files = (
			);
			runOnlyForDeploymentPostprocessing = 0;
		};
		BAD079122DB8B5D900B2C1E8 /* Sources */ = {
			isa = PBXSourcesBuildPhase;
			buildActionMask = 2147483647;
			files = (
			);
			runOnlyForDeploymentPostprocessing = 0;
		};
/* End PBXSourcesBuildPhase section */

/* Begin PBXTargetDependency section */
		BAD078F72DB89E1800B2C1E8 /* PBXTargetDependency */ = {
			isa = PBXTargetDependency;
			target = BAD078E42DB89E1400B2C1E8 /* ChatworkTaskReminder */;
			targetProxy = BAD078F62DB89E1800B2C1E8 /* PBXContainerItemProxy */;
		};
		BAD079012DB89E1800B2C1E8 /* PBXTargetDependency */ = {
			isa = PBXTargetDependency;
			target = BAD078E42DB89E1400B2C1E8 /* ChatworkTaskReminder */;
			targetProxy = BAD079002DB89E1800B2C1E8 /* PBXContainerItemProxy */;
		};
		BAD0792B2DB8B5DB00B2C1E8 /* PBXTargetDependency */ = {
			isa = PBXTargetDependency;
			target = BAD079152DB8B5D900B2C1E8 /* ChatworkTaskWidgetExtension */;
			targetProxy = BAD0792A2DB8B5DB00B2C1E8 /* PBXContainerItemProxy */;
		};
/* End PBXTargetDependency section */

/* Begin XCBuildConfiguration section */
		BAD079072DB89E1800B2C1E8 /* Debug */ = {
			isa = XCBuildConfiguration;
			buildSettings = {
				ALWAYS_SEARCH_USER_PATHS = NO;
				ASSETCATALOG_COMPILER_GENERATE_SWIFT_ASSET_SYMBOL_EXTENSIONS = YES;
				CLANG_ANALYZER_NONNULL = YES;
				CLANG_ANALYZER_NUMBER_OBJECT_CONVERSION = YES_AGGRESSIVE;
				CLANG_CXX_LANGUAGE_STANDARD = "gnu++20";
				CLANG_ENABLE_MODULES = YES;
				CLANG_ENABLE_OBJC_ARC = YES;
				CLANG_ENABLE_OBJC_WEAK = YES;
				CLANG_WARN_BLOCK_CAPTURE_AUTORELEASING = YES;
				CLANG_WARN_BOOL_CONVERSION = YES;
				CLANG_WARN_COMMA = YES;
				CLANG_WARN_CONSTANT_CONVERSION = YES;
				CLANG_WARN_DEPRECATED_OBJC_IMPLEMENTATIONS = YES;
				CLANG_WARN_DIRECT_OBJC_ISA_USAGE = YES_ERROR;
				CLANG_WARN_DOCUMENTATION_COMMENTS = YES;
				CLANG_WARN_EMPTY_BODY = YES;
				CLANG_WARN_ENUM_CONVERSION = YES;
				CLANG_WARN_INFINITE_RECURSION = YES;
				CLANG_WARN_INT_CONVERSION = YES;
				CLANG_WARN_NON_LITERAL_NULL_CONVERSION = YES;
				CLANG_WARN_OBJC_IMPLICIT_RETAIN_SELF = YES;
				CLANG_WARN_OBJC_LITERAL_CONVERSION = YES;
				CLANG_WARN_OBJC_ROOT_CLASS = YES_ERROR;
				CLANG_WARN_QUOTED_INCLUDE_IN_FRAMEWORK_HEADER = YES;
				CLANG_WARN_RANGE_LOOP_ANALYSIS = YES;
				CLANG_WARN_STRICT_PROTOTYPES = YES;
				CLANG_WARN_SUSPICIOUS_MOVE = YES;
				CLANG_WARN_UNGUARDED_AVAILABILITY = YES_AGGRESSIVE;
				CLANG_WARN_UNREACHABLE_CODE = YES;
				CLANG_WARN__DUPLICATE_METHOD_MATCH = YES;
				COPY_PHASE_STRIP = NO;
				DEBUG_INFORMATION_FORMAT = dwarf;
				ENABLE_STRICT_OBJC_MSGSEND = YES;
				ENABLE_TESTABILITY = YES;
				ENABLE_USER_SCRIPT_SANDBOXING = YES;
				GCC_C_LANGUAGE_STANDARD = gnu17;
				GCC_DYNAMIC_NO_PIC = NO;
				GCC_NO_COMMON_BLOCKS = YES;
				GCC_OPTIMIZATION_LEVEL = 0;
				GCC_PREPROCESSOR_DEFINITIONS = (
					"DEBUG=1",
					"$(inherited)",
				);
				GCC_WARN_64_TO_32_BIT_CONVERSION = YES;
				GCC_WARN_ABOUT_RETURN_TYPE = YES_ERROR;
				GCC_WARN_UNDECLARED_SELECTOR = YES;
				GCC_WARN_UNINITIALIZED_AUTOS = YES_AGGRESSIVE;
				GCC_WARN_UNUSED_FUNCTION = YES;
				GCC_WARN_UNUSED_VARIABLE = YES;
				IPHONEOS_DEPLOYMENT_TARGET = 18.2;
				LOCALIZATION_PREFERS_STRING_CATALOGS = YES;
				MTL_ENABLE_DEBUG_INFO = INCLUDE_SOURCE;
				MTL_FAST_MATH = YES;
				ONLY_ACTIVE_ARCH = YES;
				SDKROOT = iphoneos;
				SWIFT_ACTIVE_COMPILATION_CONDITIONS = "DEBUG $(inherited)";
				SWIFT_OPTIMIZATION_LEVEL = "-Onone";
			};
			name = Debug;
		};
		BAD079082DB89E1800B2C1E8 /* Release */ = {
			isa = XCBuildConfiguration;
			buildSettings = {
				ALWAYS_SEARCH_USER_PATHS = NO;
				ASSETCATALOG_COMPILER_GENERATE_SWIFT_ASSET_SYMBOL_EXTENSIONS = YES;
				CLANG_ANALYZER_NONNULL = YES;
				CLANG_ANALYZER_NUMBER_OBJECT_CONVERSION = YES_AGGRESSIVE;
				CLANG_CXX_LANGUAGE_STANDARD = "gnu++20";
				CLANG_ENABLE_MODULES = YES;
				CLANG_ENABLE_OBJC_ARC = YES;
				CLANG_ENABLE_OBJC_WEAK = YES;
				CLANG_WARN_BLOCK_CAPTURE_AUTORELEASING = YES;
				CLANG_WARN_BOOL_CONVERSION = YES;
				CLANG_WARN_COMMA = YES;
				CLANG_WARN_CONSTANT_CONVERSION = YES;
				CLANG_WARN_DEPRECATED_OBJC_IMPLEMENTATIONS = YES;
				CLANG_WARN_DIRECT_OBJC_ISA_USAGE = YES_ERROR;
				CLANG_WARN_DOCUMENTATION_COMMENTS = YES;
				CLANG_WARN_EMPTY_BODY = YES;
				CLANG_WARN_ENUM_CONVERSION = YES;
				CLANG_WARN_INFINITE_RECURSION = YES;
				CLANG_WARN_INT_CONVERSION = YES;
				CLANG_WARN_NON_LITERAL_NULL_CONVERSION = YES;
				CLANG_WARN_OBJC_IMPLICIT_RETAIN_SELF = YES;
				CLANG_WARN_OBJC_LITERAL_CONVERSION = YES;
				CLANG_WARN_OBJC_ROOT_CLASS = YES_ERROR;
				CLANG_WARN_QUOTED_INCLUDE_IN_FRAMEWORK_HEADER = YES;
				CLANG_WARN_RANGE_LOOP_ANALYSIS = YES;
				CLANG_WARN_STRICT_PROTOTYPES = YES;
				CLANG_WARN_SUSPICIOUS_MOVE = YES;
				CLANG_WARN_UNGUARDED_AVAILABILITY = YES_AGGRESSIVE;
				CLANG_WARN_UNREACHABLE_CODE = YES;
				CLANG_WARN__DUPLICATE_METHOD_MATCH = YES;
				COPY_PHASE_STRIP = NO;
				DEBUG_INFORMATION_FORMAT = "dwarf-with-dsym";
				ENABLE_NS_ASSERTIONS = NO;
				ENABLE_STRICT_OBJC_MSGSEND = YES;
				ENABLE_USER_SCRIPT_SANDBOXING = YES;
				GCC_C_LANGUAGE_STANDARD = gnu17;
				GCC_NO_COMMON_BLOCKS = YES;
				GCC_WARN_64_TO_32_BIT_CONVERSION = YES;
				GCC_WARN_ABOUT_RETURN_TYPE = YES_ERROR;
				GCC_WARN_UNDECLARED_SELECTOR = YES;
				GCC_WARN_UNINITIALIZED_AUTOS = YES_AGGRESSIVE;
				GCC_WARN_UNUSED_FUNCTION = YES;
				GCC_WARN_UNUSED_VARIABLE = YES;
				IPHONEOS_DEPLOYMENT_TARGET = 18.2;
				LOCALIZATION_PREFERS_STRING_CATALOGS = YES;
				MTL_ENABLE_DEBUG_INFO = NO;
				MTL_FAST_MATH = YES;
				SDKROOT = iphoneos;
				SWIFT_COMPILATION_MODE = wholemodule;
				VALIDATE_PRODUCT = YES;
			};
			name = Release;
		};
		BAD0790A2DB89E1800B2C1E8 /* Debug */ = {
			isa = XCBuildConfiguration;
			buildSettings = {
				ASSETCATALOG_COMPILER_APPICON_NAME = AppIcon;
				ASSETCATALOG_COMPILER_GLOBAL_ACCENT_COLOR_NAME = AccentColor;
				CODE_SIGN_ENTITLEMENTS = ChatworkTaskReminder/ChatworkTaskReminder.entitlements;
				CODE_SIGN_STYLE = Automatic;
				CURRENT_PROJECT_VERSION = 1;
				DEVELOPMENT_ASSET_PATHS = "\"ChatworkTaskReminder/Preview Content\"";
				DEVELOPMENT_TEAM = P4P28KTQQK;
				ENABLE_PREVIEWS = YES;
				GENERATE_INFOPLIST_FILE = YES;
				INFOPLIST_KEY_UIApplicationSceneManifest_Generation = YES;
				INFOPLIST_KEY_UIApplicationSupportsIndirectInputEvents = YES;
				INFOPLIST_KEY_UILaunchScreen_Generation = YES;
				INFOPLIST_KEY_UISupportedInterfaceOrientations_iPad = "UIInterfaceOrientationPortrait UIInterfaceOrientationPortraitUpsideDown UIInterfaceOrientationLandscapeLeft UIInterfaceOrientationLandscapeRight";
				INFOPLIST_KEY_UISupportedInterfaceOrientations_iPhone = "UIInterfaceOrientationPortrait UIInterfaceOrientationLandscapeLeft UIInterfaceOrientationLandscapeRight";
				LD_RUNPATH_SEARCH_PATHS = (
					"$(inherited)",
					"@executable_path/Frameworks",
				);
				MARKETING_VERSION = 1.0;
				PRODUCT_BUNDLE_IDENTIFIER = nobuya.ChatworkTaskReminder;
				PRODUCT_NAME = "$(TARGET_NAME)";
				SWIFT_EMIT_LOC_STRINGS = YES;
				SWIFT_VERSION = 5.0;
				TARGETED_DEVICE_FAMILY = "1,2";
			};
			name = Debug;
		};
		BAD0790B2DB89E1800B2C1E8 /* Release */ = {
			isa = XCBuildConfiguration;
			buildSettings = {
				ASSETCATALOG_COMPILER_APPICON_NAME = AppIcon;
				ASSETCATALOG_COMPILER_GLOBAL_ACCENT_COLOR_NAME = AccentColor;
				CODE_SIGN_ENTITLEMENTS = ChatworkTaskReminder/ChatworkTaskReminder.entitlements;
				CODE_SIGN_STYLE = Automatic;
				CURRENT_PROJECT_VERSION = 1;
				DEVELOPMENT_ASSET_PATHS = "\"ChatworkTaskReminder/Preview Content\"";
				DEVELOPMENT_TEAM = P4P28KTQQK;
				ENABLE_PREVIEWS = YES;
				GENERATE_INFOPLIST_FILE = YES;
				INFOPLIST_KEY_UIApplicationSceneManifest_Generation = YES;
				INFOPLIST_KEY_UIApplicationSupportsIndirectInputEvents = YES;
				INFOPLIST_KEY_UILaunchScreen_Generation = YES;
				INFOPLIST_KEY_UISupportedInterfaceOrientations_iPad = "UIInterfaceOrientationPortrait UIInterfaceOrientationPortraitUpsideDown UIInterfaceOrientationLandscapeLeft UIInterfaceOrientationLandscapeRight";
				INFOPLIST_KEY_UISupportedInterfaceOrientations_iPhone = "UIInterfaceOrientationPortrait UIInterfaceOrientationLandscapeLeft UIInterfaceOrientationLandscapeRight";
				LD_RUNPATH_SEARCH_PATHS = (
					"$(inherited)",
					"@executable_path/Frameworks",
				);
				MARKETING_VERSION = 1.0;
				PRODUCT_BUNDLE_IDENTIFIER = nobuya.ChatworkTaskReminder;
				PRODUCT_NAME = "$(TARGET_NAME)";
				SWIFT_EMIT_LOC_STRINGS = YES;
				SWIFT_VERSION = 5.0;
				TARGETED_DEVICE_FAMILY = "1,2";
			};
			name = Release;
		};
		BAD0790D2DB89E1800B2C1E8 /* Debug */ = {
			isa = XCBuildConfiguration;
			buildSettings = {
				BUNDLE_LOADER = "$(TEST_HOST)";
				CODE_SIGN_STYLE = Automatic;
				CURRENT_PROJECT_VERSION = 1;
				DEVELOPMENT_TEAM = P4P28KTQQK;
				GENERATE_INFOPLIST_FILE = YES;
				IPHONEOS_DEPLOYMENT_TARGET = 18.2;
				MARKETING_VERSION = 1.0;
				PRODUCT_BUNDLE_IDENTIFIER = nobuya.ChatworkTaskRemiderTests;
				PRODUCT_NAME = "$(TARGET_NAME)";
				SWIFT_EMIT_LOC_STRINGS = NO;
				SWIFT_VERSION = 5.0;
				TARGETED_DEVICE_FAMILY = "1,2";
				TEST_HOST = "$(BUILT_PRODUCTS_DIR)/ChatworkTaskReminder.app/$(BUNDLE_EXECUTABLE_FOLDER_PATH)/ChatworkTaskReminder";
			};
			name = Debug;
		};
		BAD0790E2DB89E1800B2C1E8 /* Release */ = {
			isa = XCBuildConfiguration;
			buildSettings = {
				BUNDLE_LOADER = "$(TEST_HOST)";
				CODE_SIGN_STYLE = Automatic;
				CURRENT_PROJECT_VERSION = 1;
				DEVELOPMENT_TEAM = P4P28KTQQK;
				GENERATE_INFOPLIST_FILE = YES;
				IPHONEOS_DEPLOYMENT_TARGET = 18.2;
				MARKETING_VERSION = 1.0;
				PRODUCT_BUNDLE_IDENTIFIER = nobuya.ChatworkTaskRemiderTests;
				PRODUCT_NAME = "$(TARGET_NAME)";
				SWIFT_EMIT_LOC_STRINGS = NO;
				SWIFT_VERSION = 5.0;
				TARGETED_DEVICE_FAMILY = "1,2";
				TEST_HOST = "$(BUILT_PRODUCTS_DIR)/ChatworkTaskReminder.app/$(BUNDLE_EXECUTABLE_FOLDER_PATH)/ChatworkTaskReminder";
			};
			name = Release;
		};
		BAD079102DB89E1800B2C1E8 /* Debug */ = {
			isa = XCBuildConfiguration;
			buildSettings = {
				CODE_SIGN_STYLE = Automatic;
				CURRENT_PROJECT_VERSION = 1;
				DEVELOPMENT_TEAM = P4P28KTQQK;
				GENERATE_INFOPLIST_FILE = YES;
				MARKETING_VERSION = 1.0;
				PRODUCT_BUNDLE_IDENTIFIER = nobuya.ChatworkTaskRemiderUITests;
				PRODUCT_NAME = "$(TARGET_NAME)";
				SWIFT_EMIT_LOC_STRINGS = NO;
				SWIFT_VERSION = 5.0;
				TARGETED_DEVICE_FAMILY = "1,2";
				TEST_TARGET_NAME = ChatworkTaskRemider;
			};
			name = Debug;
		};
		BAD079112DB89E1800B2C1E8 /* Release */ = {
			isa = XCBuildConfiguration;
			buildSettings = {
				CODE_SIGN_STYLE = Automatic;
				CURRENT_PROJECT_VERSION = 1;
				DEVELOPMENT_TEAM = P4P28KTQQK;
				GENERATE_INFOPLIST_FILE = YES;
				MARKETING_VERSION = 1.0;
				PRODUCT_BUNDLE_IDENTIFIER = nobuya.ChatworkTaskRemiderUITests;
				PRODUCT_NAME = "$(TARGET_NAME)";
				SWIFT_EMIT_LOC_STRINGS = NO;
				SWIFT_VERSION = 5.0;
				TARGETED_DEVICE_FAMILY = "1,2";
				TEST_TARGET_NAME = ChatworkTaskRemider;
			};
			name = Release;
		};
		BAD0792F2DB8B5DB00B2C1E8 /* Debug */ = {
			isa = XCBuildConfiguration;
			buildSettings = {
				ASSETCATALOG_COMPILER_GLOBAL_ACCENT_COLOR_NAME = AccentColor;
				ASSETCATALOG_COMPILER_WIDGET_BACKGROUND_COLOR_NAME = WidgetBackground;
				CODE_SIGN_ENTITLEMENTS = ChatworkTaskWidgetExtension.entitlements;
				CODE_SIGN_STYLE = Automatic;
				CURRENT_PROJECT_VERSION = 1;
				DEVELOPMENT_TEAM = P4P28KTQQK;
				GENERATE_INFOPLIST_FILE = YES;
				INFOPLIST_FILE = ChatworkTaskWidget/Info.plist;
				INFOPLIST_KEY_CFBundleDisplayName = ChatworkTaskWidget;
				INFOPLIST_KEY_NSHumanReadableCopyright = "";
				LD_RUNPATH_SEARCH_PATHS = (
					"$(inherited)",
					"@executable_path/Frameworks",
					"@executable_path/../../Frameworks",
				);
				MARKETING_VERSION = 1.0;
				PRODUCT_BUNDLE_IDENTIFIER = nobuya.ChatworkTaskReminder.ChatworkTaskWidget;
				PRODUCT_NAME = "$(TARGET_NAME)";
				SKIP_INSTALL = YES;
				SWIFT_EMIT_LOC_STRINGS = YES;
				SWIFT_VERSION = 5.0;
				TARGETED_DEVICE_FAMILY = "1,2";
			};
			name = Debug;
		};
		BAD079302DB8B5DB00B2C1E8 /* Release */ = {
			isa = XCBuildConfiguration;
			buildSettings = {
				ASSETCATALOG_COMPILER_GLOBAL_ACCENT_COLOR_NAME = AccentColor;
				ASSETCATALOG_COMPILER_WIDGET_BACKGROUND_COLOR_NAME = WidgetBackground;
				CODE_SIGN_ENTITLEMENTS = ChatworkTaskWidgetExtension.entitlements;
				CODE_SIGN_STYLE = Automatic;
				CURRENT_PROJECT_VERSION = 1;
				DEVELOPMENT_TEAM = P4P28KTQQK;
				GENERATE_INFOPLIST_FILE = YES;
				INFOPLIST_FILE = ChatworkTaskWidget/Info.plist;
				INFOPLIST_KEY_CFBundleDisplayName = ChatworkTaskWidget;
				INFOPLIST_KEY_NSHumanReadableCopyright = "";
				LD_RUNPATH_SEARCH_PATHS = (
					"$(inherited)",
					"@executable_path/Frameworks",
					"@executable_path/../../Frameworks",
				);
				MARKETING_VERSION = 1.0;
				PRODUCT_BUNDLE_IDENTIFIER = nobuya.ChatworkTaskReminder.ChatworkTaskWidget;
				PRODUCT_NAME = "$(TARGET_NAME)";
				SKIP_INSTALL = YES;
				SWIFT_EMIT_LOC_STRINGS = YES;
				SWIFT_VERSION = 5.0;
				TARGETED_DEVICE_FAMILY = "1,2";
			};
			name = Release;
		};
/* End XCBuildConfiguration section */

/* Begin XCConfigurationList section */
		BAD078E02DB89E1400B2C1E8 /* Build configuration list for PBXProject "ChatworkTaskReminder" */ = {
			isa = XCConfigurationList;
			buildConfigurations = (
				BAD079072DB89E1800B2C1E8 /* Debug */,
				BAD079082DB89E1800B2C1E8 /* Release */,
			);
			defaultConfigurationIsVisible = 0;
			defaultConfigurationName = Release;
		};
		BAD079092DB89E1800B2C1E8 /* Build configuration list for PBXNativeTarget "ChatworkTaskReminder" */ = {
			isa = XCConfigurationList;
			buildConfigurations = (
				BAD0790A2DB89E1800B2C1E8 /* Debug */,
				BAD0790B2DB89E1800B2C1E8 /* Release */,
			);
			defaultConfigurationIsVisible = 0;
			defaultConfigurationName = Release;
		};
		BAD0790C2DB89E1800B2C1E8 /* Build configuration list for PBXNativeTarget "ChatworkTaskReminderTests" */ = {
			isa = XCConfigurationList;
			buildConfigurations = (
				BAD0790D2DB89E1800B2C1E8 /* Debug */,
				BAD0790E2DB89E1800B2C1E8 /* Release */,
			);
			defaultConfigurationIsVisible = 0;
			defaultConfigurationName = Release;
		};
		BAD0790F2DB89E1800B2C1E8 /* Build configuration list for PBXNativeTarget "ChatworkTaskReminderUITests" */ = {
			isa = XCConfigurationList;
			buildConfigurations = (
				BAD079102DB89E1800B2C1E8 /* Debug */,
				BAD079112DB89E1800B2C1E8 /* Release */,
			);
			defaultConfigurationIsVisible = 0;
			defaultConfigurationName = Release;
		};
		BAD0792E2DB8B5DB00B2C1E8 /* Build configuration list for PBXNativeTarget "ChatworkTaskWidgetExtension" */ = {
			isa = XCConfigurationList;
			buildConfigurations = (
				BAD0792F2DB8B5DB00B2C1E8 /* Debug */,
				BAD079302DB8B5DB00B2C1E8 /* Release */,
			);
			defaultConfigurationIsVisible = 0;
			defaultConfigurationName = Release;
		};
/* End XCConfigurationList section */

/* Begin XCRemoteSwiftPackageReference section */
		BACBBB482DC4553600C34AEF /* XCRemoteSwiftPackageReference "KeychainAccess" */ = {
			isa = XCRemoteSwiftPackageReference;
			repositoryURL = "https://github.com/kishikawakatsumi/KeychainAccess/";
			requirement = {
				branch = master;
				kind = branch;
			};
		};
/* End XCRemoteSwiftPackageReference section */

/* Begin XCSwiftPackageProductDependency section */
		BACBBB492DC4553600C34AEF /* KeychainAccess */ = {
			isa = XCSwiftPackageProductDependency;
			package = BACBBB482DC4553600C34AEF /* XCRemoteSwiftPackageReference "KeychainAccess" */;
			productName = KeychainAccess;
		};
		BACBBBEA2DC4C50B00C34AEF /* KeychainAccess */ = {
			isa = XCSwiftPackageProductDependency;
			package = BACBBB482DC4553600C34AEF /* XCRemoteSwiftPackageReference "KeychainAccess" */;
			productName = KeychainAccess;
		};
/* End XCSwiftPackageProductDependency section */
	};
	rootObject = BAD078DD2DB89E1400B2C1E8 /* Project object */;
}
